
Microsoft Visual Studio Solution File, Format Version 11.00
# Visual Studio 2010
Project("{8BC9CEB8-8B4A-11D0-8D11-00A0C91BC942}") = "system", "DIP System\DIP System.vcxproj", "{0B5E3C50-8829-4B8C-94D1-D293971CB56B}"
	ProjectSection(ProjectDependencies) = postProject
		{F3D8129E-CF27-03E3-549E-91BA2EC483F6} = {F3D8129E-CF27-03E3-549E-91BA2EC483F6}
		{79F5AB1E-C4B5-4BFA-9039-D40192F6A714} = {79F5AB1E-C4B5-4BFA-9039-D40192F6A714}
		{7801D1BE-E2FE-476B-A4B4-5D27F387F479} = {7801D1BE-E2FE-476B-A4B4-5D27F387F479}
		{841B39D1-05D0-40BA-6AFF-AEF7BB03DCAA} = {841B39D1-05D0-40BA-6AFF-AEF7BB03DCAA}
	EndProjectSection
EndProject
Project("{8BC9CEB8-8B4A-11D0-8D11-00A0C91BC942}") = "runtime", "runtime\runtime.vcxproj", "{4C364AD4-BCF5-4DF2-A88C-DD2BBEB01784}"
EndProject
Project("{8BC9CEB8-8B4A-11D0-8D11-00A0C91BC942}") = "filter", "filter\filter.vcxproj", "{79F5AB1E-C4B5-4BFA-9039-D40192F6A714}"
EndProject
Project("{8BC9CEB8-8B4A-11D0-8D11-00A0C91BC942}") = "ogdf", "third_party\OGDF\ogdf.vcxproj", "{7801D1BE-E2FE-476B-A4B4-5D27F387F479}"
EndProject
Project("{2150E333-8FDC-42A3-9474-1A3956D46DE8}") = "third_party", "third_party", "{ED5A8C92-3DB3-4D36-95F8-E0436CA795EB}"
EndProject
Project("{8BC9CEB8-8B4A-11D0-8D11-00A0C91BC942}") = "zlib", "third_party\zlib\zlib.vcxproj", "{7C9F2B3E-89C4-57E7-D1FF-F9C46BE7A3A5}"
EndProject
Project("{8BC9CEB8-8B4A-11D0-8D11-00A0C91BC942}") = "Tiff", "third_party\tiff\Tiff.vcxproj", "{70C50108-6095-1158-63B5-CBF4140B040E}"
EndProject
Project("{8BC9CEB8-8B4A-11D0-8D11-00A0C91BC942}") = "libdcr", "third_party\raw\libdcr.vcxproj", "{28084816-070A-322A-A4DC-714C9951CA39}"
EndProject
Project("{8BC9CEB8-8B4A-11D0-8D11-00A0C91BC942}") = "png", "third_party\png\png.vcxproj", "{0F93EA4B-CB9E-771D-0B4B-B91203E970DF}"
EndProject
Project("{8BC9CEB8-8B4A-11D0-8D11-00A0C91BC942}") = "mng", "third_party\mng\mng.vcxproj", "{ADDB8666-E0AB-9B06-56D1-3A6953645C02}"
EndProject
Project("{8BC9CEB8-8B4A-11D0-8D11-00A0C91BC942}") = "Jpeg", "third_party\jpeg\Jpeg.vcxproj", "{8EE8E598-E096-4464-CEC2-D5DC156AE1AC}"
EndProject
Project("{8BC9CEB8-8B4A-11D0-8D11-00A0C91BC942}") = "jasper", "third_party\jasper\jasper.vcxproj", "{595376F9-4061-F372-E234-91EC05749A83}"
EndProject
Project("{8BC9CEB8-8B4A-11D0-8D11-00A0C91BC942}") = "jbig", "third_party\jbig\jbig.vcxproj", "{CF8758A8-AA35-5219-5893-0C8990D3723A}"
EndProject
Project("{8BC9CEB8-8B4A-11D0-8D11-00A0C91BC942}") = "cximage", "third_party\CxImage\cximage.vcxproj", "{F3D8129E-CF27-03E3-549E-91BA2EC483F6}"
	ProjectSection(ProjectDependencies) = postProject
		{8EE8E598-E096-4464-CEC2-D5DC156AE1AC} = {8EE8E598-E096-4464-CEC2-D5DC156AE1AC}
		{70C50108-6095-1158-63B5-CBF4140B040E} = {70C50108-6095-1158-63B5-CBF4140B040E}
		{0F93EA4B-CB9E-771D-0B4B-B91203E970DF} = {0F93EA4B-CB9E-771D-0B4B-B91203E970DF}
		{ADDB8666-E0AB-9B06-56D1-3A6953645C02} = {ADDB8666-E0AB-9B06-56D1-3A6953645C02}
		{7C9F2B3E-89C4-57E7-D1FF-F9C46BE7A3A5} = {7C9F2B3E-89C4-57E7-D1FF-F9C46BE7A3A5}
		{595376F9-4061-F372-E234-91EC05749A83} = {595376F9-4061-F372-E234-91EC05749A83}
		{CF8758A8-AA35-5219-5893-0C8990D3723A} = {CF8758A8-AA35-5219-5893-0C8990D3723A}
		{28084816-070A-322A-A4DC-714C9951CA39} = {28084816-070A-322A-A4DC-714C9951CA39}
	EndProjectSection
EndProject
Project("{8BC9CEB8-8B4A-11D0-8D11-00A0C91BC942}") = "tinyxml", "third_party\tinyxml\tinyxml.vcxproj", "{841B39D1-05D0-40BA-6AFF-AEF7BB03DCAA}"
EndProject
Global
	GlobalSection(SolutionConfigurationPlatforms) = preSolution
		Debug|Mixed Platforms = Debug|Mixed Platforms
		Debug|Win32 = Debug|Win32
		Debug|x64 = Debug|x64
		Debug|x86 = Debug|x86
		Release|Mixed Platforms = Release|Mixed Platforms
		Release|Win32 = Release|Win32
		Release|x64 = Release|x64
		Release|x86 = Release|x86
	EndGlobalSection
	GlobalSection(ProjectConfigurationPlatforms) = postSolution
		{0B5E3C50-8829-4B8C-94D1-D293971CB56B}.Debug|Mixed Platforms.ActiveCfg = Debug|Win32
		{0B5E3C50-8829-4B8C-94D1-D293971CB56B}.Debug|Mixed Platforms.Build.0 = Debug|Win32
		{0B5E3C50-8829-4B8C-94D1-D293971CB56B}.Debug|Win32.ActiveCfg = Debug|Win32
		{0B5E3C50-8829-4B8C-94D1-D293971CB56B}.Debug|Win32.Build.0 = Debug|Win32
		{0B5E3C50-8829-4B8C-94D1-D293971CB56B}.Debug|x64.ActiveCfg = Debug|Win32
		{0B5E3C50-8829-4B8C-94D1-D293971CB56B}.Debug|x86.ActiveCfg = Debug|Win32
		{0B5E3C50-8829-4B8C-94D1-D293971CB56B}.Debug|x86.Build.0 = Debug|Win32
		{0B5E3C50-8829-4B8C-94D1-D293971CB56B}.Release|Mixed Platforms.ActiveCfg = Release|Win32
		{0B5E3C50-8829-4B8C-94D1-D293971CB56B}.Release|Mixed Platforms.Build.0 = Release|Win32
		{0B5E3C50-8829-4B8C-94D1-D293971CB56B}.Release|Win32.ActiveCfg = Release|Win32
		{0B5E3C50-8829-4B8C-94D1-D293971CB56B}.Release|Win32.Build.0 = Release|Win32
		{0B5E3C50-8829-4B8C-94D1-D293971CB56B}.Release|x64.ActiveCfg = Release|Win32
		{0B5E3C50-8829-4B8C-94D1-D293971CB56B}.Release|x86.ActiveCfg = Release|Win32
		{0B5E3C50-8829-4B8C-94D1-D293971CB56B}.Release|x86.Build.0 = Release|Win32
		{4C364AD4-BCF5-4DF2-A88C-DD2BBEB01784}.Debug|Mixed Platforms.ActiveCfg = Debug|Win32
		{4C364AD4-BCF5-4DF2-A88C-DD2BBEB01784}.Debug|Mixed Platforms.Build.0 = Debug|Win32
		{4C364AD4-BCF5-4DF2-A88C-DD2BBEB01784}.Debug|Win32.ActiveCfg = Debug|Win32
		{4C364AD4-BCF5-4DF2-A88C-DD2BBEB01784}.Debug|Win32.Build.0 = Debug|Win32
		{4C364AD4-BCF5-4DF2-A88C-DD2BBEB01784}.Debug|x64.ActiveCfg = Debug|Win32
		{4C364AD4-BCF5-4DF2-A88C-DD2BBEB01784}.Debug|x86.ActiveCfg = Debug|Win32
		{4C364AD4-BCF5-4DF2-A88C-DD2BBEB01784}.Debug|x86.Build.0 = Debug|Win32
		{4C364AD4-BCF5-4DF2-A88C-DD2BBEB01784}.Release|Mixed Platforms.ActiveCfg = Release|Win32
		{4C364AD4-BCF5-4DF2-A88C-DD2BBEB01784}.Release|Mixed Platforms.Build.0 = Release|Win32
		{4C364AD4-BCF5-4DF2-A88C-DD2BBEB01784}.Release|Win32.ActiveCfg = Release|Win32
		{4C364AD4-BCF5-4DF2-A88C-DD2BBEB01784}.Release|Win32.Build.0 = Release|Win32
		{4C364AD4-BCF5-4DF2-A88C-DD2BBEB01784}.Release|x64.ActiveCfg = Release|Win32
		{4C364AD4-BCF5-4DF2-A88C-DD2BBEB01784}.Release|x86.ActiveCfg = Release|Win32
		{4C364AD4-BCF5-4DF2-A88C-DD2BBEB01784}.Release|x86.Build.0 = Release|Win32
		{79F5AB1E-C4B5-4BFA-9039-D40192F6A714}.Debug|Mixed Platforms.ActiveCfg = Debug|Win32
		{79F5AB1E-C4B5-4BFA-9039-D40192F6A714}.Debug|Mixed Platforms.Build.0 = Debug|Win32
		{79F5AB1E-C4B5-4BFA-9039-D40192F6A714}.Debug|Win32.ActiveCfg = Debug|Win32
		{79F5AB1E-C4B5-4BFA-9039-D40192F6A714}.Debug|Win32.Build.0 = Debug|Win32
		{79F5AB1E-C4B5-4BFA-9039-D40192F6A714}.Debug|x64.ActiveCfg = Debug|Win32
		{79F5AB1E-C4B5-4BFA-9039-D40192F6A714}.Debug|x86.ActiveCfg = Debug|Win32
		{79F5AB1E-C4B5-4BFA-9039-D40192F6A714}.Debug|x86.Build.0 = Debug|Win32
		{79F5AB1E-C4B5-4BFA-9039-D40192F6A714}.Release|Mixed Platforms.ActiveCfg = Release|Win32
		{79F5AB1E-C4B5-4BFA-9039-D40192F6A714}.Release|Mixed Platforms.Build.0 = Release|Win32
		{79F5AB1E-C4B5-4BFA-9039-D40192F6A714}.Release|Win32.ActiveCfg = Release|Win32
		{79F5AB1E-C4B5-4BFA-9039-D40192F6A714}.Release|Win32.Build.0 = Release|Win32
		{79F5AB1E-C4B5-4BFA-9039-D40192F6A714}.Release|x64.ActiveCfg = Release|Win32
		{79F5AB1E-C4B5-4BFA-9039-D40192F6A714}.Release|x86.ActiveCfg = Release|Win32
		{79F5AB1E-C4B5-4BFA-9039-D40192F6A714}.Release|x86.Build.0 = Release|Win32
		{7801D1BE-E2FE-476B-A4B4-5D27F387F479}.Debug|Mixed Platforms.ActiveCfg = Debug|Win32
		{7801D1BE-E2FE-476B-A4B4-5D27F387F479}.Debug|Mixed Platforms.Build.0 = Debug|Win32
		{7801D1BE-E2FE-476B-A4B4-5D27F387F479}.Debug|Win32.ActiveCfg = Debug|Win32
		{7801D1BE-E2FE-476B-A4B4-5D27F387F479}.Debug|Win32.Build.0 = Debug|Win32
		{7801D1BE-E2FE-476B-A4B4-5D27F387F479}.Debug|x64.ActiveCfg = Debug|Win32
		{7801D1BE-E2FE-476B-A4B4-5D27F387F479}.Debug|x86.ActiveCfg = Debug|Win32
		{7801D1BE-E2FE-476B-A4B4-5D27F387F479}.Release|Mixed Platforms.ActiveCfg = Release|Win32
		{7801D1BE-E2FE-476B-A4B4-5D27F387F479}.Release|Mixed Platforms.Build.0 = Release|Win32
		{7801D1BE-E2FE-476B-A4B4-5D27F387F479}.Release|Win32.ActiveCfg = Release|Win32
		{7801D1BE-E2FE-476B-A4B4-5D27F387F479}.Release|Win32.Build.0 = Release|Win32
		{7801D1BE-E2FE-476B-A4B4-5D27F387F479}.Release|x64.ActiveCfg = Release|Win32
		{7801D1BE-E2FE-476B-A4B4-5D27F387F479}.Release|x86.ActiveCfg = Release|Win32
		{7C9F2B3E-89C4-57E7-D1FF-F9C46BE7A3A5}.Debug|Mixed Platforms.ActiveCfg = Debug|Win32
		{7C9F2B3E-89C4-57E7-D1FF-F9C46BE7A3A5}.Debug|Mixed Platforms.Build.0 = Debug|Win32
		{7C9F2B3E-89C4-57E7-D1FF-F9C46BE7A3A5}.Debug|Win32.ActiveCfg = Debug|Win32
		{7C9F2B3E-89C4-57E7-D1FF-F9C46BE7A3A5}.Debug|Win32.Build.0 = Debug|Win32
		{7C9F2B3E-89C4-57E7-D1FF-F9C46BE7A3A5}.Debug|x64.ActiveCfg = Debug|Win32
		{7C9F2B3E-89C4-57E7-D1FF-F9C46BE7A3A5}.Debug|x86.ActiveCfg = Debug|Win32
		{7C9F2B3E-89C4-57E7-D1FF-F9C46BE7A3A5}.Release|Mixed Platforms.ActiveCfg = Release|Win32
		{7C9F2B3E-89C4-57E7-D1FF-F9C46BE7A3A5}.Release|Mixed Platforms.Build.0 = Release|Win32
		{7C9F2B3E-89C4-57E7-D1FF-F9C46BE7A3A5}.Release|Win32.ActiveCfg = Release|Win32
		{7C9F2B3E-89C4-57E7-D1FF-F9C46BE7A3A5}.Release|Win32.Build.0 = Release|Win32
		{7C9F2B3E-89C4-57E7-D1FF-F9C46BE7A3A5}.Release|x64.ActiveCfg = Release|Win32
		{7C9F2B3E-89C4-57E7-D1FF-F9C46BE7A3A5}.Release|x86.ActiveCfg = Release|Win32
		{70C50108-6095-1158-63B5-CBF4140B040E}.Debug|Mixed Platforms.ActiveCfg = Debug|Win32
		{70C50108-6095-1158-63B5-CBF4140B040E}.Debug|Mixed Platforms.Build.0 = Debug|Win32
		{70C50108-6095-1158-63B5-CBF4140B040E}.Debug|Win32.ActiveCfg = Debug|Win32
		{70C50108-6095-1158-63B5-CBF4140B040E}.Debug|Win32.Build.0 = Debug|Win32
		{70C50108-6095-1158-63B5-CBF4140B040E}.Debug|x64.ActiveCfg = Debug|Win32
		{70C50108-6095-1158-63B5-CBF4140B040E}.Debug|x86.ActiveCfg = Debug|Win32
		{70C50108-6095-1158-63B5-CBF4140B040E}.Release|Mixed Platforms.ActiveCfg = Release|Win32
		{70C50108-6095-1158-63B5-CBF4140B040E}.Release|Mixed Platforms.Build.0 = Release|Win32
		{70C50108-6095-1158-63B5-CBF4140B040E}.Release|Win32.ActiveCfg = Release|Win32
		{70C50108-6095-1158-63B5-CBF4140B040E}.Release|Win32.Build.0 = Release|Win32
		{70C50108-6095-1158-63B5-CBF4140B040E}.Release|x64.ActiveCfg = Release|Win32
		{70C50108-6095-1158-63B5-CBF4140B040E}.Release|x86.ActiveCfg = Release|Win32
		{28084816-070A-322A-A4DC-714C9951CA39}.Debug|Mixed Platforms.ActiveCfg = Debug|Win32
		{28084816-070A-322A-A4DC-714C9951CA39}.Debug|Mixed Platforms.Build.0 = Debug|Win32
		{28084816-070A-322A-A4DC-714C9951CA39}.Debug|Win32.ActiveCfg = Debug|Win32
		{28084816-070A-322A-A4DC-714C9951CA39}.Debug|Win32.Build.0 = Debug|Win32
		{28084816-070A-322A-A4DC-714C9951CA39}.Debug|x64.ActiveCfg = Debug|Win32
		{28084816-070A-322A-A4DC-714C9951CA39}.Debug|x86.ActiveCfg = Debug|Win32
		{28084816-070A-322A-A4DC-714C9951CA39}.Release|Mixed Platforms.ActiveCfg = Release|Win32
		{28084816-070A-322A-A4DC-714C9951CA39}.Release|Mixed Platforms.Build.0 = Release|Win32
		{28084816-070A-322A-A4DC-714C9951CA39}.Release|Win32.ActiveCfg = Release|Win32
		{28084816-070A-322A-A4DC-714C9951CA39}.Release|Win32.Build.0 = Release|Win32
		{28084816-070A-322A-A4DC-714C9951CA39}.Release|x64.ActiveCfg = Release|Win32
		{28084816-070A-322A-A4DC-714C9951CA39}.Release|x86.ActiveCfg = Release|Win32
		{0F93EA4B-CB9E-771D-0B4B-B91203E970DF}.Debug|Mixed Platforms.ActiveCfg = Debug|Win32
		{0F93EA4B-CB9E-771D-0B4B-B91203E970DF}.Debug|Mixed Platforms.Build.0 = Debug|Win32
		{0F93EA4B-CB9E-771D-0B4B-B91203E970DF}.Debug|Win32.ActiveCfg = Debug|Win32
		{0F93EA4B-CB9E-771D-0B4B-B91203E970DF}.Debug|Win32.Build.0 = Debug|Win32
		{0F93EA4B-CB9E-771D-0B4B-B91203E970DF}.Debug|x64.ActiveCfg = Debug|Win32
		{0F93EA4B-CB9E-771D-0B4B-B91203E970DF}.Debug|x86.ActiveCfg = Debug|Win32
		{0F93EA4B-CB9E-771D-0B4B-B91203E970DF}.Release|Mixed Platforms.ActiveCfg = Release|Win32
		{0F93EA4B-CB9E-771D-0B4B-B91203E970DF}.Release|Mixed Platforms.Build.0 = Release|Win32
		{0F93EA4B-CB9E-771D-0B4B-B91203E970DF}.Release|Win32.ActiveCfg = Release|Win32
		{0F93EA4B-CB9E-771D-0B4B-B91203E970DF}.Release|Win32.Build.0 = Release|Win32
		{0F93EA4B-CB9E-771D-0B4B-B91203E970DF}.Release|x64.ActiveCfg = Release|Win32
		{0F93EA4B-CB9E-771D-0B4B-B91203E970DF}.Release|x86.ActiveCfg = Release|Win32
		{ADDB8666-E0AB-9B06-56D1-3A6953645C02}.Debug|Mixed Platforms.ActiveCfg = Debug|Win32
		{ADDB8666-E0AB-9B06-56D1-3A6953645C02}.Debug|Mixed Platforms.Build.0 = Debug|Win32
		{ADDB8666-E0AB-9B06-56D1-3A6953645C02}.Debug|Win32.ActiveCfg = Debug|Win32
		{ADDB8666-E0AB-9B06-56D1-3A6953645C02}.Debug|Win32.Build.0 = Debug|Win32
		{ADDB8666-E0AB-9B06-56D1-3A6953645C02}.Debug|x64.ActiveCfg = Debug|Win32
		{ADDB8666-E0AB-9B06-56D1-3A6953645C02}.Debug|x86.ActiveCfg = Debug|Win32
		{ADDB8666-E0AB-9B06-56D1-3A6953645C02}.Release|Mixed Platforms.ActiveCfg = Release|Win32
		{ADDB8666-E0AB-9B06-56D1-3A6953645C02}.Release|Mixed Platforms.Build.0 = Release|Win32
		{ADDB8666-E0AB-9B06-56D1-3A6953645C02}.Release|Win32.ActiveCfg = Release|Win32
		{ADDB8666-E0AB-9B06-56D1-3A6953645C02}.Release|Win32.Build.0 = Release|Win32
		{ADDB8666-E0AB-9B06-56D1-3A6953645C02}.Release|x64.ActiveCfg = Release|Win32
		{ADDB8666-E0AB-9B06-56D1-3A6953645C02}.Release|x86.ActiveCfg = Release|Win32
		{8EE8E598-E096-4464-CEC2-D5DC156AE1AC}.Debug|Mixed Platforms.ActiveCfg = Debug|Win32
		{8EE8E598-E096-4464-CEC2-D5DC156AE1AC}.Debug|Mixed Platforms.Build.0 = Debug|Win32
		{8EE8E598-E096-4464-CEC2-D5DC156AE1AC}.Debug|Win32.ActiveCfg = Debug|Win32
		{8EE8E598-E096-4464-CEC2-D5DC156AE1AC}.Debug|Win32.Build.0 = Debug|Win32
		{8EE8E598-E096-4464-CEC2-D5DC156AE1AC}.Debug|x64.ActiveCfg = Debug|Win32
		{8EE8E598-E096-4464-CEC2-D5DC156AE1AC}.Debug|x86.ActiveCfg = Debug|Win32
		{8EE8E598-E096-4464-CEC2-D5DC156AE1AC}.Release|Mixed Platforms.ActiveCfg = Release|Win32
		{8EE8E598-E096-4464-CEC2-D5DC156AE1AC}.Release|Mixed Platforms.Build.0 = Release|Win32
		{8EE8E598-E096-4464-CEC2-D5DC156AE1AC}.Release|Win32.ActiveCfg = Release|Win32
		{8EE8E598-E096-4464-CEC2-D5DC156AE1AC}.Release|Win32.Build.0 = Release|Win32
		{8EE8E598-E096-4464-CEC2-D5DC156AE1AC}.Release|x64.ActiveCfg = Release|Win32
		{8EE8E598-E096-4464-CEC2-D5DC156AE1AC}.Release|x86.ActiveCfg = Release|Win32
		{595376F9-4061-F372-E234-91EC05749A83}.Debug|Mixed Platforms.ActiveCfg = Debug|Win32
		{595376F9-4061-F372-E234-91EC05749A83}.Debug|Mixed Platforms.Build.0 = Debug|Win32
		{595376F9-4061-F372-E234-91EC05749A83}.Debug|Win32.ActiveCfg = Debug|Win32
		{595376F9-4061-F372-E234-91EC05749A83}.Debug|Win32.Build.0 = Debug|Win32
		{595376F9-4061-F372-E234-91EC05749A83}.Debug|x64.ActiveCfg = Debug|Win32
		{595376F9-4061-F372-E234-91EC05749A83}.Debug|x86.ActiveCfg = Debug|Win32
		{595376F9-4061-F372-E234-91EC05749A83}.Release|Mixed Platforms.ActiveCfg = Release|Win32
		{595376F9-4061-F372-E234-91EC05749A83}.Release|Mixed Platforms.Build.0 = Release|Win32
		{595376F9-4061-F372-E234-91EC05749A83}.Release|Win32.ActiveCfg = Release|Win32
		{595376F9-4061-F372-E234-91EC05749A83}.Release|Win32.Build.0 = Release|Win32
		{595376F9-4061-F372-E234-91EC05749A83}.Release|x64.ActiveCfg = Release|Win32
		{595376F9-4061-F372-E234-91EC05749A83}.Release|x86.ActiveCfg = Release|Win32
		{CF8758A8-AA35-5219-5893-0C8990D3723A}.Debug|Mixed Platforms.ActiveCfg = Debug|Win32
		{CF8758A8-AA35-5219-5893-0C8990D3723A}.Debug|Mixed Platforms.Build.0 = Debug|Win32
		{CF8758A8-AA35-5219-5893-0C8990D3723A}.Debug|Win32.ActiveCfg = Debug|Win32
		{CF8758A8-AA35-5219-5893-0C8990D3723A}.Debug|Win32.Build.0 = Debug|Win32
		{CF8758A8-AA35-5219-5893-0C8990D3723A}.Debug|x64.ActiveCfg = Debug|Win32
		{CF8758A8-AA35-5219-5893-0C8990D3723A}.Debug|x86.ActiveCfg = Debug|Win32
		{CF8758A8-AA35-5219-5893-0C8990D3723A}.Release|Mixed Platforms.ActiveCfg = Release|Win32
		{CF8758A8-AA35-5219-5893-0C8990D3723A}.Release|Mixed Platforms.Build.0 = Release|Win32
		{CF8758A8-AA35-5219-5893-0C8990D3723A}.Release|Win32.ActiveCfg = Release|Win32
		{CF8758A8-AA35-5219-5893-0C8990D3723A}.Release|Win32.Build.0 = Release|Win32
		{CF8758A8-AA35-5219-5893-0C8990D3723A}.Release|x64.ActiveCfg = Release|Win32
		{CF8758A8-AA35-5219-5893-0C8990D3723A}.Release|x86.ActiveCfg = Release|Win32
		{F3D8129E-CF27-03E3-549E-91BA2EC483F6}.Debug|Mixed Platforms.ActiveCfg = Debug|Win32
		{F3D8129E-CF27-03E3-549E-91BA2EC483F6}.Debug|Mixed Platforms.Build.0 = Debug|Win32
		{F3D8129E-CF27-03E3-549E-91BA2EC483F6}.Debug|Win32.ActiveCfg = Debug|Win32
		{F3D8129E-CF27-03E3-549E-91BA2EC483F6}.Debug|Win32.Build.0 = Debug|Win32
		{F3D8129E-CF27-03E3-549E-91BA2EC483F6}.Debug|x64.ActiveCfg = Debug|Win32
		{F3D8129E-CF27-03E3-549E-91BA2EC483F6}.Debug|x86.ActiveCfg = Debug|Win32
		{F3D8129E-CF27-03E3-549E-91BA2EC483F6}.Release|Mixed Platforms.ActiveCfg = Release|Win32
		{F3D8129E-CF27-03E3-549E-91BA2EC483F6}.Release|Mixed Platforms.Build.0 = Release|Win32
		{F3D8129E-CF27-03E3-549E-91BA2EC483F6}.Release|Win32.ActiveCfg = Release|Win32
		{F3D8129E-CF27-03E3-549E-91BA2EC483F6}.Release|Win32.Build.0 = Release|Win32
		{F3D8129E-CF27-03E3-549E-91BA2EC483F6}.Release|x64.ActiveCfg = Release|Win32
		{F3D8129E-CF27-03E3-549E-91BA2EC483F6}.Release|x86.ActiveCfg = Release|Win32
		{841B39D1-05D0-40BA-6AFF-AEF7BB03DCAA}.Debug|Mixed Platforms.ActiveCfg = Debug|Win32
		{841B39D1-05D0-40BA-6AFF-AEF7BB03DCAA}.Debug|Mixed Platforms.Build.0 = Debug|Win32
		{841B39D1-05D0-40BA-6AFF-AEF7BB03DCAA}.Debug|Win32.ActiveCfg = Debug|Win32
		{841B39D1-05D0-40BA-6AFF-AEF7BB03DCAA}.Debug|Win32.Build.0 = Debug|Win32
		{841B39D1-05D0-40BA-6AFF-AEF7BB03DCAA}.Debug|x64.ActiveCfg = Debug|Win32
		{841B39D1-05D0-40BA-6AFF-AEF7BB03DCAA}.Debug|x86.ActiveCfg = Debug|Win32
		{841B39D1-05D0-40BA-6AFF-AEF7BB03DCAA}.Release|Mixed Platforms.ActiveCfg = Release|Win32
		{841B39D1-05D0-40BA-6AFF-AEF7BB03DCAA}.Release|Mixed Platforms.Build.0 = Release|Win32
		{841B39D1-05D0-40BA-6AFF-AEF7BB03DCAA}.Release|Win32.ActiveCfg = Release|Win32
		{841B39D1-05D0-40BA-6AFF-AEF7BB03DCAA}.Release|Win32.Build.0 = Release|Win32
		{841B39D1-05D0-40BA-6AFF-AEF7BB03DCAA}.Release|x64.ActiveCfg = Release|Win32
		{841B39D1-05D0-40BA-6AFF-AEF7BB03DCAA}.Release|x86.ActiveCfg = Release|Win32
	EndGlobalSection
	GlobalSection(SolutionProperties) = preSolution
		HideSolutionNode = FALSE
	EndGlobalSection
	GlobalSection(NestedProjects) = preSolution
		{7801D1BE-E2FE-476B-A4B4-5D27F387F479} = {ED5A8C92-3DB3-4D36-95F8-E0436CA795EB}
		{7C9F2B3E-89C4-57E7-D1FF-F9C46BE7A3A5} = {ED5A8C92-3DB3-4D36-95F8-E0436CA795EB}
		{70C50108-6095-1158-63B5-CBF4140B040E} = {ED5A8C92-3DB3-4D36-95F8-E0436CA795EB}
		{28084816-070A-322A-A4DC-714C9951CA39} = {ED5A8C92-3DB3-4D36-95F8-E0436CA795EB}
		{0F93EA4B-CB9E-771D-0B4B-B91203E970DF} = {ED5A8C92-3DB3-4D36-95F8-E0436CA795EB}
		{ADDB8666-E0AB-9B06-56D1-3A6953645C02} = {ED5A8C92-3DB3-4D36-95F8-E0436CA795EB}
		{8EE8E598-E096-4464-CEC2-D5DC156AE1AC} = {ED5A8C92-3DB3-4D36-95F8-E0436CA795EB}
		{595376F9-4061-F372-E234-91EC05749A83} = {ED5A8C92-3DB3-4D36-95F8-E0436CA795EB}
		{CF8758A8-AA35-5219-5893-0C8990D3723A} = {ED5A8C92-3DB3-4D36-95F8-E0436CA795EB}
		{F3D8129E-CF27-03E3-549E-91BA2EC483F6} = {ED5A8C92-3DB3-4D36-95F8-E0436CA795EB}
		{841B39D1-05D0-40BA-6AFF-AEF7BB03DCAA} = {ED5A8C92-3DB3-4D36-95F8-E0436CA795EB}
	EndGlobalSection
EndGlobal
